
Microsoft Visual Studio Solution File, Format Version 12.00
# Visual Studio 15
VisualStudioVersion = 15.0.28010.2003
MinimumVisualStudioVersion = 10.0.40219.1
Project("{FAE04EC0-301F-11D3-BF4B-00C04F79EFBC}") = "MPos", "MPos\MPos.csproj", "{C3EB9CBF-675D-43A1-A891-701D8A7E888D}"
EndProject
Project("{2150E333-8FDC-42A3-9474-1A3956D46DE8}") = "Solution Items", "Solution Items", "{838DB1C2-9AC4-4BDD-8B54-C2EA9E2BDA35}"
	ProjectSection(SolutionItems) = preProject
		Changelog.md = Changelog.md
		LICENSE.txt = LICENSE.txt
		README.md = README.md
	EndProjectSection
EndProject
Project("{2150E333-8FDC-42A3-9474-1A3956D46DE8}") = "img", "img", "{B13BC766-FE8D-47A7-8BFE-B95F6F636DFD}"
	ProjectSection(SolutionItems) = preProject
		img\icon.png = img\icon.png
		img\mpos_views_small.png = img\mpos_views_small.png
	EndProjectSection
EndProject
Project("{2150E333-8FDC-42A3-9474-1A3956D46DE8}") = "choco", "choco", "{07EDBA08-3B0C-449B-8444-0087BF218A59}"
	ProjectSection(SolutionItems) = preProject
		choco\mpos.nuspec = choco\mpos.nuspec
	EndProjectSection
EndProject
Project("{2150E333-8FDC-42A3-9474-1A3956D46DE8}") = "tools", "tools", "{D1283FC7-A431-4935-B74F-240E18274567}"
	ProjectSection(SolutionItems) = preProject
		choco\tools\chocolateyinstall.ps1 = choco\tools\chocolateyinstall.ps1
		choco\tools\chocolateyUninstall.ps1 = choco\tools\chocolateyUninstall.ps1
	EndProjectSection
EndProject
Global
	GlobalSection(SolutionConfigurationPlatforms) = preSolution
		Debug|Any CPU = Debug|Any CPU
		Publish-Portable|Any CPU = Publish-Portable|Any CPU
		Release|Any CPU = Release|Any CPU
	EndGlobalSection
	GlobalSection(ProjectConfigurationPlatforms) = postSolution
		{C3EB9CBF-675D-43A1-A891-701D8A7E888D}.Debug|Any CPU.ActiveCfg = Debug|Any CPU
		{C3EB9CBF-675D-43A1-A891-701D8A7E888D}.Debug|Any CPU.Build.0 = Debug|Any CPU
		{C3EB9CBF-675D-43A1-A891-701D8A7E888D}.Publish-Portable|Any CPU.ActiveCfg = Release|Any CPU
		{C3EB9CBF-675D-43A1-A891-701D8A7E888D}.Publish-Portable|Any CPU.Build.0 = Release|Any CPU
		{C3EB9CBF-675D-43A1-A891-701D8A7E888D}.Release|Any CPU.ActiveCfg = Release|Any CPU
		{C3EB9CBF-675D-43A1-A891-701D8A7E888D}.Release|Any CPU.Build.0 = Release|Any CPU
	EndGlobalSection
	GlobalSection(SolutionProperties) = preSolution
		HideSolutionNode = FALSE
	EndGlobalSection
	GlobalSection(NestedProjects) = preSolution
		{B13BC766-FE8D-47A7-8BFE-B95F6F636DFD} = {838DB1C2-9AC4-4BDD-8B54-C2EA9E2BDA35}
		{07EDBA08-3B0C-449B-8444-0087BF218A59} = {838DB1C2-9AC4-4BDD-8B54-C2EA9E2BDA35}
		{D1283FC7-A431-4935-B74F-240E18274567} = {07EDBA08-3B0C-449B-8444-0087BF218A59}
	EndGlobalSection
	GlobalSection(ExtensibilityGlobals) = postSolution
		SolutionGuid = {F313FFDD-0B26-41FA-8664-4A44F79BEF0B}
	EndGlobalSection
EndGlobal
